lockfileVersion: '6.0'

settings:
  autoInstallPeers: true
  excludeLinksFromLockfile: false

dependencies:
  mitata:
    specifier: ^0.1.11
    version: 0.1.11
  tinybench:
    specifier: ^2.8.0
    version: 2.8.0

packages:

  /mitata@0.1.11:
    resolution: {integrity: sha512-cs6FiWcnRxn7atVumm8wA8R70XCDmMXgVgb/qWUSjr5dwuIBr7zC+22mbGYPlbyFixlIOjuP//A0e72Q1ZoGDw==}
    dev: false

  /tinybench@2.8.0:
    resolution: {integrity: sha512-1/eK7zUnIklz4JUUlL+658n58XO2hHLQfSk1Zf2LKieUjxidN16eKFEoDEfjHc3ohofSSqK3X5yO6VGb6iW8Lw==}
    dev: false
